<?xml version="1.0" encoding="utf-8"?>
<Project ToolsVersion="4.0" xmlns="http://schemas.microsoft.com/developer/msbuild/2003">
  <ItemGroup>
    <Filter Include="Source Files">
      <UniqueIdentifier>{8a33e657-ba3e-432c-926e-c98bd98b9cbf}</UniqueIdentifier>
      <Extensions>cpp;c;cc;cxx;def;asm;asmx</Extensions>
    </Filter>
    <Filter Include="Header Files">
      <UniqueIdentifier>{7ffe05d3-063a-47e1-8ffe-f46b95e9099c}</UniqueIdentifier>
      <Extensions>h;hpp;hxx;inl;inc</Extensions>
    </Filter>
    <Filter Include="Resource Files">
      <UniqueIdentifier>{fd844d20-68e9-4762-9bfd-050707bf7012}</UniqueIdentifier>
      <Extensions>rc;manifest;ico;cur;bmp;dlg;rct;bin;gif;jpg;jpeg;jpe;tiff;tif;png;wav</Extensions>
    </Filter>
  </ItemGroup>
  <ItemGroup>
    <None Include="ReadMe.txt" />
  </ItemGroup>
  <ItemGroup>
    <ClInclude Include="Include\Resource.h">
      <Filter>Header Files</Filter>
    </ClInclude>
    <ClInclude Include="Include\IDA_SYNC_PLUGIN.h">
      <Filter>Header Files</Filter>
    </ClInclude>
    <ClInclude Include="Include\IDAconnector.hpp">
      <Filter>Header Files</Filter>
    </ClInclude>
  </ItemGroup>
  <ItemGroup>
    <ResourceCompile Include="Source\IDA_SYNC_PLUGIN.rc">
      <Filter>Resource Files</Filter>
    </ResourceCompile>
  </ItemGroup>
  <ItemGroup>
    <Manifest Include="res\IDA_SYNC_PLUGIN.manifest">
      <Filter>Resource Files</Filter>
    </Manifest>
  </ItemGroup>
  <ItemGroup>
    <ClCompile Include="Source\IDA_SYNC_PLUGIN.cpp">
      <Filter>Source Files</Filter>
    </ClCompile>
  </ItemGroup>
</Project>