
Microsoft Visual Studio Solution File, Format Version 11.00
# Visual Studio 2010
Project("{8BC9CEB8-8B4A-11D0-8D11-00A0C91BC942}") = "IDA_SYNC_PLUGIN", "IDA_SYNC_PLUGIN\IDA_SYNC_PLUGIN.vcxproj", "{5BFBF5BD-712B-407A-8376-4D59CE167C97}"
EndProject
Global
	GlobalSection(SolutionConfigurationPlatforms) = preSolution
		Debug 32-bit|Win32 = Debug 32-bit|Win32
		Release 32-bit|Win32 = Release 32-bit|Win32
	EndGlobalSection
	GlobalSection(ProjectConfigurationPlatforms) = postSolution
		{5BFBF5BD-712B-407A-8376-4D59CE167C97}.Debug 32-bit|Win32.ActiveCfg = Debug 32-bit|Win32
		{5BFBF5BD-712B-407A-8376-4D59CE167C97}.Debug 32-bit|Win32.Build.0 = Debug 32-bit|Win32
		{5BFBF5BD-712B-407A-8376-4D59CE167C97}.Release 32-bit|Win32.ActiveCfg = Release 32-bit|Win32
		{5BFBF5BD-712B-407A-8376-4D59CE167C97}.Release 32-bit|Win32.Build.0 = Release 32-bit|Win32
	EndGlobalSection
	GlobalSection(SolutionProperties) = preSolution
		HideSolutionNode = FALSE
	EndGlobalSection
EndGlobal
